
Microsoft Visual Studio Solution File, Format Version 12.00
# Visual Studio Version 17
VisualStudioVersion = 17.5.002.0
MinimumVisualStudioVersion = 10.0.40219.1
Project("{9A19103F-16F7-4668-BE54-9A1E7A4F7556}") = "TodoListApp", "TodoListApp\TodoListApp.csproj", "{AF8A4C47-0BFE-429A-8863-4DACAEDA7BF3}"
EndProject
Global
	GlobalSection(SolutionConfigurationPlatforms) = preSolution
		Debug|Any CPU = Debug|Any CPU
		Release|Any CPU = Release|Any CPU
	EndGlobalSection
	GlobalSection(ProjectConfigurationPlatforms) = postSolution
		{AF8A4C47-0BFE-429A-8863-4DACAEDA7BF3}.Debug|Any CPU.ActiveCfg = Debug|Any CPU
		{AF8A4C47-0BFE-429A-8863-4DACAEDA7BF3}.Debug|Any CPU.Build.0 = Debug|Any CPU
		{AF8A4C47-0BFE-429A-8863-4DACAEDA7BF3}.Release|Any CPU.ActiveCfg = Release|Any CPU
		{AF8A4C47-0BFE-429A-8863-4DACAEDA7BF3}.Release|Any CPU.Build.0 = Release|Any CPU
	EndGlobalSection
	GlobalSection(SolutionProperties) = preSolution
		HideSolutionNode = FALSE
	EndGlobalSection
	GlobalSection(ExtensibilityGlobals) = postSolution
		SolutionGuid = {5C1FB1A7-A700-496B-A072-4B4AFE60243F}
	EndGlobalSection
EndGlobal
